
Microsoft Visual Studio Solution File, Format Version 12.00
# Visual Studio Version 17
VisualStudioVersion = 17.2.32630.192
MinimumVisualStudioVersion = 10.0.40219.1
Project("{FAE04EC0-301F-11D3-BF4B-00C04F79EFBC}") = "apptest1", "apptest1\apptest1.csproj", "{BD1F7059-BDB9-4497-88BF-955C8FC8351E}"
EndProject
Project("{FAE04EC0-301F-11D3-BF4B-00C04F79EFBC}") = "UnitTest1", "UnitTest1\UnitTest1.csproj", "{010BBF06-957A-4499-A6D3-2DE7346167DA}"
EndProject
Global
	GlobalSection(SolutionConfigurationPlatforms) = preSolution
		Debug|Any CPU = Debug|Any CPU
		Release|Any CPU = Release|Any CPU
	EndGlobalSection
	GlobalSection(ProjectConfigurationPlatforms) = postSolution
		{BD1F7059-BDB9-4497-88BF-955C8FC8351E}.Debug|Any CPU.ActiveCfg = Debug|Any CPU
		{BD1F7059-BDB9-4497-88BF-955C8FC8351E}.Debug|Any CPU.Build.0 = Debug|Any CPU
		{BD1F7059-BDB9-4497-88BF-955C8FC8351E}.Release|Any CPU.ActiveCfg = Release|Any CPU
		{BD1F7059-BDB9-4497-88BF-955C8FC8351E}.Release|Any CPU.Build.0 = Release|Any CPU
		{010BBF06-957A-4499-A6D3-2DE7346167DA}.Debug|Any CPU.ActiveCfg = Debug|Any CPU
		{010BBF06-957A-4499-A6D3-2DE7346167DA}.Debug|Any CPU.Build.0 = Debug|Any CPU
		{010BBF06-957A-4499-A6D3-2DE7346167DA}.Release|Any CPU.ActiveCfg = Release|Any CPU
		{010BBF06-957A-4499-A6D3-2DE7346167DA}.Release|Any CPU.Build.0 = Release|Any CPU
	EndGlobalSection
	GlobalSection(SolutionProperties) = preSolution
		HideSolutionNode = FALSE
	EndGlobalSection
	GlobalSection(ExtensibilityGlobals) = postSolution
		SolutionGuid = {2556FA62-DFA4-45D7-81D7-1CA81FB957D6}
	EndGlobalSection
EndGlobal
